
Microsoft Visual Studio Solution File, Format Version 12.00
# Visual Studio 2012
Project("{FAE04EC0-301F-11D3-BF4B-00C04F79EFBC}") = "Saphaipae", "Saphaipae\Saphaipae.csproj", "{1EB77D53-1572-4253-ABA0-AD0295D16054}"
EndProject
Project("{FAE04EC0-301F-11D3-BF4B-00C04F79EFBC}") = "Saphaipae.iOS", "iOS\Saphaipae.iOS.csproj", "{BF2BAC26-7473-4AED-8FEA-E9D1C3C32678}"
EndProject
Project("{FAE04EC0-301F-11D3-BF4B-00C04F79EFBC}") = "Saphaipae.Droid", "Droid\Saphaipae.Droid.csproj", "{D2F3BA37-42FB-4C5C-98E1-1170EB14187F}"
EndProject
Global
	GlobalSection(SolutionConfigurationPlatforms) = preSolution
		Debug|Any CPU = Debug|Any CPU
		Release|Any CPU = Release|Any CPU
		Debug|iPhoneSimulator = Debug|iPhoneSimulator
		Release|iPhone = Release|iPhone
		Release|iPhoneSimulator = Release|iPhoneSimulator
		Debug|iPhone = Debug|iPhone
	EndGlobalSection
	GlobalSection(ProjectConfigurationPlatforms) = postSolution
		{1EB77D53-1572-4253-ABA0-AD0295D16054}.Debug|Any CPU.ActiveCfg = Debug|Any CPU
		{1EB77D53-1572-4253-ABA0-AD0295D16054}.Debug|Any CPU.Build.0 = Debug|Any CPU
		{1EB77D53-1572-4253-ABA0-AD0295D16054}.Release|Any CPU.ActiveCfg = Release|Any CPU
		{1EB77D53-1572-4253-ABA0-AD0295D16054}.Release|Any CPU.Build.0 = Release|Any CPU
		{1EB77D53-1572-4253-ABA0-AD0295D16054}.Debug|iPhoneSimulator.ActiveCfg = Debug|Any CPU
		{1EB77D53-1572-4253-ABA0-AD0295D16054}.Debug|iPhoneSimulator.Build.0 = Debug|Any CPU
		{1EB77D53-1572-4253-ABA0-AD0295D16054}.Release|iPhone.ActiveCfg = Release|Any CPU
		{1EB77D53-1572-4253-ABA0-AD0295D16054}.Release|iPhone.Build.0 = Release|Any CPU
		{1EB77D53-1572-4253-ABA0-AD0295D16054}.Release|iPhoneSimulator.ActiveCfg = Release|Any CPU
		{1EB77D53-1572-4253-ABA0-AD0295D16054}.Release|iPhoneSimulator.Build.0 = Release|Any CPU
		{1EB77D53-1572-4253-ABA0-AD0295D16054}.Debug|iPhone.ActiveCfg = Debug|Any CPU
		{1EB77D53-1572-4253-ABA0-AD0295D16054}.Debug|iPhone.Build.0 = Debug|Any CPU
		{BF2BAC26-7473-4AED-8FEA-E9D1C3C32678}.Debug|Any CPU.ActiveCfg = Debug|iPhoneSimulator
		{BF2BAC26-7473-4AED-8FEA-E9D1C3C32678}.Debug|Any CPU.Build.0 = Debug|iPhoneSimulator
		{BF2BAC26-7473-4AED-8FEA-E9D1C3C32678}.Release|Any CPU.ActiveCfg = Debug|iPhoneSimulator
		{BF2BAC26-7473-4AED-8FEA-E9D1C3C32678}.Release|Any CPU.Build.0 = Debug|iPhoneSimulator
		{BF2BAC26-7473-4AED-8FEA-E9D1C3C32678}.Debug|iPhoneSimulator.ActiveCfg = Debug|iPhoneSimulator
		{BF2BAC26-7473-4AED-8FEA-E9D1C3C32678}.Debug|iPhoneSimulator.Build.0 = Debug|iPhoneSimulator
		{BF2BAC26-7473-4AED-8FEA-E9D1C3C32678}.Release|iPhone.ActiveCfg = Release|iPhone
		{BF2BAC26-7473-4AED-8FEA-E9D1C3C32678}.Release|iPhone.Build.0 = Release|iPhone
		{BF2BAC26-7473-4AED-8FEA-E9D1C3C32678}.Release|iPhoneSimulator.ActiveCfg = Release|iPhoneSimulator
		{BF2BAC26-7473-4AED-8FEA-E9D1C3C32678}.Release|iPhoneSimulator.Build.0 = Release|iPhoneSimulator
		{BF2BAC26-7473-4AED-8FEA-E9D1C3C32678}.Debug|iPhone.ActiveCfg = Debug|iPhone
		{BF2BAC26-7473-4AED-8FEA-E9D1C3C32678}.Debug|iPhone.Build.0 = Debug|iPhone
		{D2F3BA37-42FB-4C5C-98E1-1170EB14187F}.Debug|Any CPU.ActiveCfg = Debug|Any CPU
		{D2F3BA37-42FB-4C5C-98E1-1170EB14187F}.Debug|Any CPU.Build.0 = Debug|Any CPU
		{D2F3BA37-42FB-4C5C-98E1-1170EB14187F}.Release|Any CPU.ActiveCfg = Release|Any CPU
		{D2F3BA37-42FB-4C5C-98E1-1170EB14187F}.Release|Any CPU.Build.0 = Release|Any CPU
		{D2F3BA37-42FB-4C5C-98E1-1170EB14187F}.Debug|iPhoneSimulator.ActiveCfg = Debug|Any CPU
		{D2F3BA37-42FB-4C5C-98E1-1170EB14187F}.Debug|iPhoneSimulator.Build.0 = Debug|Any CPU
		{D2F3BA37-42FB-4C5C-98E1-1170EB14187F}.Release|iPhone.ActiveCfg = Release|Any CPU
		{D2F3BA37-42FB-4C5C-98E1-1170EB14187F}.Release|iPhone.Build.0 = Release|Any CPU
		{D2F3BA37-42FB-4C5C-98E1-1170EB14187F}.Release|iPhoneSimulator.ActiveCfg = Release|Any CPU
		{D2F3BA37-42FB-4C5C-98E1-1170EB14187F}.Release|iPhoneSimulator.Build.0 = Release|Any CPU
		{D2F3BA37-42FB-4C5C-98E1-1170EB14187F}.Debug|iPhone.ActiveCfg = Debug|Any CPU
		{D2F3BA37-42FB-4C5C-98E1-1170EB14187F}.Debug|iPhone.Build.0 = Debug|Any CPU
	EndGlobalSection
EndGlobal
